[[package]]
name = "pandoc-eqnos"
version = "2.5.0"
summary = "Equation number filter for pandoc"
dependencies = [
    "pandoc-xnos<3.0,>=2.5.0",
]

[[package]]
name = "pandoc-fignos"
version = "2.4.0"
summary = "Figure number filter for pandoc"
dependencies = [
    "pandoc-xnos<3.0,>=2.5.0",
]

[[package]]
name = "pandoc-secnos"
version = "2.2.2"
summary = "Equation number filter for pandoc"
dependencies = [
    "pandoc-xnos<3.0,>=2.4.2",
]

[[package]]
name = "pandoc-tablenos"
version = "2.3.0"
summary = "Table number filter for pandoc"
dependencies = [
    "pandoc-xnos<3.0,>=2.5.0",
]

[[package]]
name = "pandoc-xnos"
version = "2.5.0"
summary = "Library code for the pandoc-xnos filter suite."
dependencies = [
    "pandocfilters<2,>=1.4.2",
    "psutil<6,>=4.1.0",
]

[[package]]
name = "pandocfilters"
version = "1.5.0"
requires_python = ">=2.7, !=3.0.*, !=3.1.*, !=3.2.*, !=3.3.*"
summary = "Utilities for writing pandoc filters in python"

[[package]]
name = "psutil"
version = "5.9.0"
requires_python = ">=2.6, !=3.0.*, !=3.1.*, !=3.2.*, !=3.3.*"
summary = "Cross-platform lib for process and system monitoring in Python."

[metadata]
lock_version = "3.1"
content_hash = "sha256:b0571a1fc6ff06562a2fed84de5cc1cdca68824e6fa621e90f941d61d3b61eda"

[metadata.files]
"pandoc-eqnos 2.5.0" = [
    {file = "pandoc_eqnos-2.5.0-py3-none-any.whl", hash = "sha256:d0997d19e6f2d208424c7733adccb1cff75cf90ac89e2f9cdd5e30f989666d94"},
    {file = "pandoc-eqnos-2.5.0.tar.gz", hash = "sha256:f0cc9250743342cef234cab27e0006a524bf155ecaf9897adf07396d32da94c7"},
]
"pandoc-fignos 2.4.0" = [
    {file = "pandoc_fignos-2.4.0-py3-none-any.whl", hash = "sha256:ccdb17f84b8297f83609109b26255fa0e36f5b8c4f0d1b1c7eacff4b118d92ac"},
    {file = "pandoc-fignos-2.4.0.tar.gz", hash = "sha256:7058edeae48824412e9fe090dd5f72500a9ef7d33a40391826b17338397d8849"},
]
"pandoc-secnos 2.2.2" = [
    {file = "pandoc_secnos-2.2.2-py3-none-any.whl", hash = "sha256:b745163572a8be92dfc2ba1ed0ef4f62374fba04244321ad7327c9d9cad53952"},
    {file = "pandoc-secnos-2.2.2.tar.gz", hash = "sha256:16b7fec4cb076ab800042c8fb3a42a45e654651f0261d99560868e157ffa107c"},
]
"pandoc-tablenos 2.3.0" = [
    {file = "pandoc_tablenos-2.3.0-py3-none-any.whl", hash = "sha256:6eefb3c72a21cb35aff01613880ba2a6c18ae95dc4215b9c7bb86a6c302458f8"},
    {file = "pandoc-tablenos-2.3.0.tar.gz", hash = "sha256:23d08a1aac981aafbec696eb265e688426f9310f6e80976f379b2d9b2b5de1bc"},
]
"pandoc-xnos 2.5.0" = [
    {file = "pandoc_xnos-2.5.0-py3-none-any.whl", hash = "sha256:b9a178099bb0bd75d051acce332a8486e5306cf2f2f46a3d1c5a5f664ef15b8f"},
    {file = "pandoc-xnos-2.5.0.tar.gz", hash = "sha256:7c18738c899e4ecec573dc6565abd8d43281fc894d41b82743d51df3dde250ae"},
]
"pandocfilters 1.5.0" = [
    {file = "pandocfilters-1.5.0-py2.py3-none-any.whl", hash = "sha256:33aae3f25fd1a026079f5d27bdd52496f0e0803b3469282162bafdcbdf6ef14f"},
    {file = "pandocfilters-1.5.0.tar.gz", hash = "sha256:0b679503337d233b4339a817bfc8c50064e2eff681314376a47cb582305a7a38"},
]
"psutil 5.9.0" = [
    {file = "psutil-5.9.0-cp27-cp27m-manylinux2010_i686.whl", hash = "sha256:55ce319452e3d139e25d6c3f85a1acf12d1607ddedea5e35fb47a552c051161b"},
    {file = "psutil-5.9.0-cp27-cp27m-manylinux2010_x86_64.whl", hash = "sha256:7336292a13a80eb93c21f36bde4328aa748a04b68c13d01dfddd67fc13fd0618"},
    {file = "psutil-5.9.0-cp27-cp27mu-manylinux2010_i686.whl", hash = "sha256:cb8d10461c1ceee0c25a64f2dd54872b70b89c26419e147a05a10b753ad36ec2"},
    {file = "psutil-5.9.0-cp27-cp27mu-manylinux2010_x86_64.whl", hash = "sha256:7641300de73e4909e5d148e90cc3142fb890079e1525a840cf0dfd39195239fd"},
    {file = "psutil-5.9.0-cp27-none-win32.whl", hash = "sha256:ea42d747c5f71b5ccaa6897b216a7dadb9f52c72a0fe2b872ef7d3e1eacf3ba3"},
    {file = "psutil-5.9.0-cp27-none-win_amd64.whl", hash = "sha256:ef216cc9feb60634bda2f341a9559ac594e2eeaadd0ba187a4c2eb5b5d40b91c"},
    {file = "psutil-5.9.0-cp310-cp310-macosx_10_9_x86_64.whl", hash = "sha256:90a58b9fcae2dbfe4ba852b57bd4a1dded6b990a33d6428c7614b7d48eccb492"},
    {file = "psutil-5.9.0-cp310-cp310-manylinux_2_12_i686.manylinux2010_i686.manylinux_2_17_i686.manylinux2014_i686.whl", hash = "sha256:ff0d41f8b3e9ebb6b6110057e40019a432e96aae2008951121ba4e56040b84f3"},
    {file = "psutil-5.9.0-cp310-cp310-manylinux_2_12_x86_64.manylinux2010_x86_64.manylinux_2_17_x86_64.manylinux2014_x86_64.whl", hash = "sha256:742c34fff804f34f62659279ed5c5b723bb0195e9d7bd9907591de9f8f6558e2"},
    {file = "psutil-5.9.0-cp310-cp310-win32.whl", hash = "sha256:8293942e4ce0c5689821f65ce6522ce4786d02af57f13c0195b40e1edb1db61d"},
    {file = "psutil-5.9.0-cp310-cp310-win_amd64.whl", hash = "sha256:9b51917c1af3fa35a3f2dabd7ba96a2a4f19df3dec911da73875e1edaf22a40b"},
    {file = "psutil-5.9.0-cp36-cp36m-macosx_10_9_x86_64.whl", hash = "sha256:e9805fed4f2a81de98ae5fe38b75a74c6e6ad2df8a5c479594c7629a1fe35f56"},
    {file = "psutil-5.9.0-cp36-cp36m-manylinux_2_12_i686.manylinux2010_i686.manylinux_2_17_i686.manylinux2014_i686.whl", hash = "sha256:c51f1af02334e4b516ec221ee26b8fdf105032418ca5a5ab9737e8c87dafe203"},
    {file = "psutil-5.9.0-cp36-cp36m-manylinux_2_12_x86_64.manylinux2010_x86_64.manylinux_2_17_x86_64.manylinux2014_x86_64.whl", hash = "sha256:32acf55cb9a8cbfb29167cd005951df81b567099295291bcfd1027365b36591d"},
    {file = "psutil-5.9.0-cp36-cp36m-win32.whl", hash = "sha256:e5c783d0b1ad6ca8a5d3e7b680468c9c926b804be83a3a8e95141b05c39c9f64"},
    {file = "psutil-5.9.0-cp36-cp36m-win_amd64.whl", hash = "sha256:d62a2796e08dd024b8179bd441cb714e0f81226c352c802fca0fd3f89eeacd94"},
    {file = "psutil-5.9.0-cp37-cp37m-macosx_10_9_x86_64.whl", hash = "sha256:3d00a664e31921009a84367266b35ba0aac04a2a6cad09c550a89041034d19a0"},
    {file = "psutil-5.9.0-cp37-cp37m-manylinux_2_12_i686.manylinux2010_i686.manylinux_2_17_i686.manylinux2014_i686.whl", hash = "sha256:7779be4025c540d1d65a2de3f30caeacc49ae7a2152108adeaf42c7534a115ce"},
    {file = "psutil-5.9.0-cp37-cp37m-manylinux_2_12_x86_64.manylinux2010_x86_64.manylinux_2_17_x86_64.manylinux2014_x86_64.whl", hash = "sha256:072664401ae6e7c1bfb878c65d7282d4b4391f1bc9a56d5e03b5a490403271b5"},
    {file = "psutil-5.9.0-cp37-cp37m-win32.whl", hash = "sha256:df2c8bd48fb83a8408c8390b143c6a6fa10cb1a674ca664954de193fdcab36a9"},
    {file = "psutil-5.9.0-cp37-cp37m-win_amd64.whl", hash = "sha256:1d7b433519b9a38192dfda962dd8f44446668c009833e1429a52424624f408b4"},
    {file = "psutil-5.9.0-cp38-cp38-macosx_10_9_x86_64.whl", hash = "sha256:c3400cae15bdb449d518545cbd5b649117de54e3596ded84aacabfbb3297ead2"},
    {file = "psutil-5.9.0-cp38-cp38-manylinux_2_12_i686.manylinux2010_i686.manylinux_2_17_i686.manylinux2014_i686.whl", hash = "sha256:b2237f35c4bbae932ee98902a08050a27821f8f6dfa880a47195e5993af4702d"},
    {file = "psutil-5.9.0-cp38-cp38-manylinux_2_12_x86_64.manylinux2010_x86_64.manylinux_2_17_x86_64.manylinux2014_x86_64.whl", hash = "sha256:1070a9b287846a21a5d572d6dddd369517510b68710fca56b0e9e02fd24bed9a"},
    {file = "psutil-5.9.0-cp38-cp38-win32.whl", hash = "sha256:76cebf84aac1d6da5b63df11fe0d377b46b7b500d892284068bacccf12f20666"},
    {file = "psutil-5.9.0-cp38-cp38-win_amd64.whl", hash = "sha256:3151a58f0fbd8942ba94f7c31c7e6b310d2989f4da74fcbf28b934374e9bf841"},
    {file = "psutil-5.9.0-cp39-cp39-macosx_10_9_x86_64.whl", hash = "sha256:539e429da49c5d27d5a58e3563886057f8fc3868a5547b4f1876d9c0f007bccf"},
    {file = "psutil-5.9.0-cp39-cp39-manylinux_2_12_i686.manylinux2010_i686.manylinux_2_17_i686.manylinux2014_i686.whl", hash = "sha256:58c7d923dc209225600aec73aa2c4ae8ea33b1ab31bc11ef8a5933b027476f07"},
    {file = "psutil-5.9.0-cp39-cp39-manylinux_2_12_x86_64.manylinux2010_x86_64.manylinux_2_17_x86_64.manylinux2014_x86_64.whl", hash = "sha256:3611e87eea393f779a35b192b46a164b1d01167c9d323dda9b1e527ea69d697d"},
    {file = "psutil-5.9.0-cp39-cp39-win32.whl", hash = "sha256:4e2fb92e3aeae3ec3b7b66c528981fd327fb93fd906a77215200404444ec1845"},
    {file = "psutil-5.9.0-cp39-cp39-win_amd64.whl", hash = "sha256:7d190ee2eaef7831163f254dc58f6d2e2a22e27382b936aab51c835fc080c3d3"},
    {file = "psutil-5.9.0.tar.gz", hash = "sha256:869842dbd66bb80c3217158e629d6fceaecc3a3166d3d1faee515b05dd26ca25"},
]
